// !$*UTF8*$!
{
	archiveVersion = 1;
	classes = {
	};
	objectVersion = 46;
	objects = {

/* Begin PBXBuildFile section */
		B5D8880D1F71FCA5009DAAC0 /* main.m in Sources */ = {isa = PBXBuildFile; fileRef = B5D8880C1F71FCA5009DAAC0 /* main.m */; };
		B5D888101F71FCA6009DAAC0 /* AppDelegate.m in Sources */ = {isa = PBXBuildFile; fileRef = B5D8880F1F71FCA6009DAAC0 /* AppDelegate.m */; };
		B5D888131F71FCA6009DAAC0 /* ViewController.m in Sources */ = {isa = PBXBuildFile; fileRef = B5D888121F71FCA6009DAAC0 /* ViewController.m */; };
		B5D888161F71FCA7009DAAC0 /* Main.storyboard in Resources */ = {isa = PBXBuildFile; fileRef = B5D888141F71FCA7009DAAC0 /* Main.storyboard */; };
		B5D888181F71FCA7009DAAC0 /* Assets.xcassets in Resources */ = {isa = PBXBuildFile; fileRef = B5D888171F71FCA7009DAAC0 /* Assets.xcassets */; };
		B5D8881B1F71FCA7009DAAC0 /* LaunchScreen.storyboard in Resources */ = {isa = PBXBuildFile; fileRef = B5D888191F71FCA7009DAAC0 /* LaunchScreen.storyboard */; };
		B5D888261F71FCA7009DAAC0 /* DATABTests.m in Sources */ = {isa = PBXBuildFile; fileRef = B5D888251F71FCA7009DAAC0 /* DATABTests.m */; };
		B5D888311F71FCA7009DAAC0 /* DATABUITests.m in Sources */ = {isa = PBXBuildFile; fileRef = B5D888301F71FCA7009DAAC0 /* DATABUITests.m */; };
/* End PBXBuildFile section */

/* Begin PBXContainerItemProxy section */
		B5D888221F71FCA7009DAAC0 /* PBXContainerItemProxy */ = {
			isa = PBXContainerItemProxy;
			containerPortal = B5D888001F71FCA3009DAAC0 /* Project object */;
			proxyType = 1;
			remoteGlobalIDString = B5D888071F71FCA4009DAAC0;
			remoteInfo = DATAB;
		};
		B5D8882D1F71FCA7009DAAC0 /* PBXContainerItemProxy */ = {
			isa = PBXContainerItemProxy;
			containerPortal = B5D888001F71FCA3009DAAC0 /* Project object */;
			proxyType = 1;
			remoteGlobalIDString = B5D888071F71FCA4009DAAC0;
			remoteInfo = DATAB;
		};
/* End PBXContainerItemProxy section */

/* Begin PBXFileReference section */
		B5D888081F71FCA5009DAAC0 /* DATAB.app */ = {isa = PBXFileReference; explicitFileType = wrapper.application; includeInIndex = 0; path = DATAB.app; sourceTree = BUILT_PRODUCTS_DIR; };
		B5D8880C1F71FCA5009DAAC0 /* main.m */ = {isa = PBXFileReference; lastKnownFileType = sourcecode.c.objc; path = main.m; sourceTree = "<group>"; };
		B5D8880E1F71FCA6009DAAC0 /* AppDelegate.h */ = {isa = PBXFileReference; lastKnownFileType = sourcecode.c.h; path = AppDelegate.h; sourceTree = "<group>"; };
		B5D8880F1F71FCA6009DAAC0 /* AppDelegate.m */ = {isa = PBXFileReference; lastKnownFileType = sourcecode.c.objc; path = AppDelegate.m; sourceTree = "<group>"; };
		B5D888111F71FCA6009DAAC0 /* ViewController.h */ = {isa = PBXFileReference; lastKnownFileType = sourcecode.c.h; path = ViewController.h; sourceTree = "<group>"; };
		B5D888121F71FCA6009DAAC0 /* ViewController.m */ = {isa = PBXFileReference; lastKnownFileType = sourcecode.c.objc; path = ViewController.m; sourceTree = "<group>"; };
		B5D888151F71FCA7009DAAC0 /* Base */ = {isa = PBXFileReference; lastKnownFileType = file.storyboard; name = Base; path = Base.lproj/Main.storyboard; sourceTree = "<group>"; };
		B5D888171F71FCA7009DAAC0 /* Assets.xcassets */ = {isa = PBXFileReference; lastKnownFileType = folder.assetcatalog; path = Assets.xcassets; sourceTree = "<group>"; };
		B5D8881A1F71FCA7009DAAC0 /* Base */ = {isa = PBXFileReference; lastKnownFileType = file.storyboard; name = Base; path = Base.lproj/LaunchScreen.storyboard; sourceTree = "<group>"; };
		B5D8881C1F71FCA7009DAAC0 /* Info.plist */ = {isa = PBXFileReference; lastKnownFileType = text.plist.xml; path = Info.plist; sourceTree = "<group>"; };
		B5D888211F71FCA7009DAAC0 /* DATABTests.xctest */ = {isa = PBXFileReference; explicitFileType = wrapper.cfbundle; includeInIndex = 0; path = DATABTests.xctest; sourceTree = BUILT_PRODUCTS_DIR; };
		B5D888251F71FCA7009DAAC0 /* DATABTests.m */ = {isa = PBXFileReference; lastKnownFileType = sourcecode.c.objc; path = DATABTests.m; sourceTree = "<group>"; };
		B5D888271F71FCA7009DAAC0 /* Info.plist */ = {isa = PBXFileReference; lastKnownFileType = text.plist.xml; path = Info.plist; sourceTree = "<group>"; };
		B5D8882C1F71FCA7009DAAC0 /* DATABUITests.xctest */ = {isa = PBXFileReference; explicitFileType = wrapper.cfbundle; includeInIndex = 0; path = DATABUITests.xctest; sourceTree = BUILT_PRODUCTS_DIR; };
		B5D888301F71FCA7009DAAC0 /* DATABUITests.m */ = {isa = PBXFileReference; lastKnownFileType = sourcecode.c.objc; path = DATABUITests.m; sourceTree = "<group>"; };
		B5D888321F71FCA7009DAAC0 /* Info.plist */ = {isa = PBXFileReference; lastKnownFileType = text.plist.xml; path = Info.plist; sourceTree = "<group>"; };
/* End PBXFileReference section */

/* Begin PBXFrameworksBuildPhase section */
		B5D888051F71FCA4009DAAC0 /* Frameworks */ = {
			isa = PBXFrameworksBuildPhase;
			buildActionMask = 2147483647;
			files = (
			);
			runOnlyForDeploymentPostprocessing = 0;
		};
		B5D8881E1F71FCA7009DAAC0 /* Frameworks */ = {
			isa = PBXFrameworksBuildPhase;
			buildActionMask = 2147483647;
			files = (
			);
			runOnlyForDeploymentPostprocessing = 0;
		};
		B5D888291F71FCA7009DAAC0 /* Frameworks */ = {
			isa = PBXFrameworksBuildPhase;
			buildActionMask = 2147483647;
			files = (
			);
			runOnlyForDeploymentPostprocessing = 0;
		};
/* End PBXFrameworksBuildPhase section */

/* Begin PBXGroup section */
		B5D887FF1F71FCA2009DAAC0 = {
			isa = PBXGroup;
			children = (
				B5D8880A1F71FCA5009DAAC0 /* DATAB */,
				B5D888241F71FCA7009DAAC0 /* DATABTests */,
				B5D8882F1F71FCA7009DAAC0 /* DATABUITests */,
				B5D888091F71FCA5009DAAC0 /* Products */,
			);
			sourceTree = "<group>";
		};
		B5D888091F71FCA5009DAAC0 /* Products */ = {
			isa = PBXGroup;
			children = (
				B5D888081F71FCA5009DAAC0 /* DATAB.app */,
				B5D888211F71FCA7009DAAC0 /* DATABTests.xctest */,
				B5D8882C1F71FCA7009DAAC0 /* DATABUITests.xctest */,
			);
			name = Products;
			sourceTree = "<group>";
		};
		B5D8880A1F71FCA5009DAAC0 /* DATAB */ = {
			isa = PBXGroup;
			children = (
				B5D8880E1F71FCA6009DAAC0 /* AppDelegate.h */,
				B5D8880F1F71FCA6009DAAC0 /* AppDelegate.m */,
				B5D888111F71FCA6009DAAC0 /* ViewController.h */,
				B5D888121F71FCA6009DAAC0 /* ViewController.m */,
				B5D888141F71FCA7009DAAC0 /* Main.storyboard */,
				B5D888171F71FCA7009DAAC0 /* Assets.xcassets */,
				B5D888191F71FCA7009DAAC0 /* LaunchScreen.storyboard */,
				B5D8881C1F71FCA7009DAAC0 /* Info.plist */,
				B5D8880B1F71FCA5009DAAC0 /* Supporting Files */,
			);
			path = DATAB;
			sourceTree = "<group>";
		};
		B5D8880B1F71FCA5009DAAC0 /* Supporting Files */ = {
			isa = PBXGroup;
			children = (
				B5D8880C1F71FCA5009DAAC0 /* main.m */,
			);
			name = "Supporting Files";
			sourceTree = "<group>";
		};
		B5D888241F71FCA7009DAAC0 /* DATABTests */ = {
			isa = PBXGroup;
			children = (
				B5D888251F71FCA7009DAAC0 /* DATABTests.m */,
				B5D888271F71FCA7009DAAC0 /* Info.plist */,
			);
			path = DATABTests;
			sourceTree = "<group>";
		};
		B5D8882F1F71FCA7009DAAC0 /* DATABUITests */ = {
			isa = PBXGroup;
			children = (
				B5D888301F71FCA7009DAAC0 /* DATABUITests.m */,
				B5D888321F71FCA7009DAAC0 /* Info.plist */,
			);
			path = DATABUITests;
			sourceTree = "<group>";
		};
/* End PBXGroup section */

/* Begin PBXNativeTarget section */
		B5D888071F71FCA4009DAAC0 /* DATAB */ = {
			isa = PBXNativeTarget;
			buildConfigurationList = B5D888351F71FCA7009DAAC0 /* Build configuration list for PBXNativeTarget "DATAB" */;
			buildPhases = (
				B5D888041F71FCA4009DAAC0 /* Sources */,
				B5D888051F71FCA4009DAAC0 /* Frameworks */,
				B5D888061F71FCA4009DAAC0 /* Resources */,
			);
			buildRules = (
			);
			dependencies = (
			);
			name = DATAB;
			productName = DATAB;
			productReference = B5D888081F71FCA5009DAAC0 /* DATAB.app */;
			productType = "com.apple.product-type.application";
		};
		B5D888201F71FCA7009DAAC0 /* DATABTests */ = {
			isa = PBXNativeTarget;
			buildConfigurationList = B5D888381F71FCA7009DAAC0 /* Build configuration list for PBXNativeTarget "DATABTests" */;
			buildPhases = (
				B5D8881D1F71FCA7009DAAC0 /* Sources */,
				B5D8881E1F71FCA7009DAAC0 /* Frameworks */,
				B5D8881F1F71FCA7009DAAC0 /* Resources */,
			);
			buildRules = (
			);
			dependencies = (
				B5D888231F71FCA7009DAAC0 /* PBXTargetDependency */,
			);
			name = DATABTests;
			productName = DATABTests;
			productReference = B5D888211F71FCA7009DAAC0 /* DATABTests.xctest */;
			productType = "com.apple.product-type.bundle.unit-test";
		};
		B5D8882B1F71FCA7009DAAC0 /* DATABUITests */ = {
			isa = PBXNativeTarget;
			buildConfigurationList = B5D8883B1F71FCA7009DAAC0 /* Build configuration list for PBXNativeTarget "DATABUITests" */;
			buildPhases = (
				B5D888281F71FCA7009DAAC0 /* Sources */,
				B5D888291F71FCA7009DAAC0 /* Frameworks */,
				B5D8882A1F71FCA7009DAAC0 /* Resources */,
			);
			buildRules = (
			);
			dependencies = (
				B5D8882E1F71FCA7009DAAC0 /* PBXTargetDependency */,
			);
			name = DATABUITests;
			productName = DATABUITests;
			productReference = B5D8882C1F71FCA7009DAAC0 /* DATABUITests.xctest */;
			productType = "com.apple.product-type.bundle.ui-testing";
		};
/* End PBXNativeTarget section */

/* Begin PBXProject section */
		B5D888001F71FCA3009DAAC0 /* Project object */ = {
			isa = PBXProject;
			attributes = {
				LastUpgradeCheck = 0830;
				ORGANIZATIONNAME = highles;
				TargetAttributes = {
					B5D888071F71FCA4009DAAC0 = {
						CreatedOnToolsVersion = 8.3.3;
						DevelopmentTeam = P7862TH5TN;
						ProvisioningStyle = Automatic;
					};
					B5D888201F71FCA7009DAAC0 = {
						CreatedOnToolsVersion = 8.3.3;
						DevelopmentTeam = P7862TH5TN;
						ProvisioningStyle = Automatic;
						TestTargetID = B5D888071F71FCA4009DAAC0;
					};
					B5D8882B1F71FCA7009DAAC0 = {
						CreatedOnToolsVersion = 8.3.3;
						DevelopmentTeam = P7862TH5TN;
						ProvisioningStyle = Automatic;
						TestTargetID = B5D888071F71FCA4009DAAC0;
					};
				};
			};
			buildConfigurationList = B5D888031F71FCA3009DAAC0 /* Build configuration list for PBXProject "DATAB" */;
			compatibilityVersion = "Xcode 3.2";
			developmentRegion = English;
			hasScannedForEncodings = 0;
			knownRegions = (
				en,
				Base,
			);
			mainGroup = B5D887FF1F71FCA2009DAAC0;
			productRefGroup = B5D888091F71FCA5009DAAC0 /* Products */;
			projectDirPath = "";
			projectRoot = "";
			targets = (
				B5D888071F71FCA4009DAAC0 /* DATAB */,
				B5D888201F71FCA7009DAAC0 /* DATABTests */,
				B5D8882B1F71FCA7009DAAC0 /* DATABUITests */,
			);
		};
/* End PBXProject section */

/* Begin PBXResourcesBuildPhase section */
		B5D888061F71FCA4009DAAC0 /* Resources */ = {
			isa = PBXResourcesBuildPhase;
			buildActionMask = 2147483647;
			files = (
				B5D8881B1F71FCA7009DAAC0 /* LaunchScreen.storyboard in Resources */,
				B5D888181F71FCA7009DAAC0 /* Assets.xcassets in Resources */,
				B5D888161F71FCA7009DAAC0 /* Main.storyboard in Resources */,
			);
			runOnlyForDeploymentPostprocessing = 0;
		};
		B5D8881F1F71FCA7009DAAC0 /* Resources */ = {
			isa = PBXResourcesBuildPhase;
			buildActionMask = 2147483647;
			files = (
			);
			runOnlyForDeploymentPostprocessing = 0;
		};
		B5D8882A1F71FCA7009DAAC0 /* Resources */ = {
			isa = PBXResourcesBuildPhase;
			buildActionMask = 2147483647;
			files = (
			);
			runOnlyForDeploymentPostprocessing = 0;
		};
/* End PBXResourcesBuildPhase section */

/* Begin PBXSourcesBuildPhase section */
		B5D888041F71FCA4009DAAC0 /* Sources */ = {
			isa = PBXSourcesBuildPhase;
			buildActionMask = 2147483647;
			files = (
				B5D888131F71FCA6009DAAC0 /* ViewController.m in Sources */,
				B5D888101F71FCA6009DAAC0 /* AppDelegate.m in Sources */,
				B5D8880D1F71FCA5009DAAC0 /* main.m in Sources */,
			);
			runOnlyForDeploymentPostprocessing = 0;
		};
		B5D8881D1F71FCA7009DAAC0 /* Sources */ = {
			isa = PBXSourcesBuildPhase;
			buildActionMask = 2147483647;
			files = (
				B5D888261F71FCA7009DAAC0 /* DATABTests.m in Sources */,
			);
			runOnlyForDeploymentPostprocessing = 0;
		};
		B5D888281F71FCA7009DAAC0 /* Sources */ = {
			isa = PBXSourcesBuildPhase;
			buildActionMask = 2147483647;
			files = (
				B5D888311F71FCA7009DAAC0 /* DATABUITests.m in Sources */,
			);
			runOnlyForDeploymentPostprocessing = 0;
		};
/* End PBXSourcesBuildPhase section */

/* Begin PBXTargetDependency section */
		B5D888231F71FCA7009DAAC0 /* PBXTargetDependency */ = {
			isa = PBXTargetDependency;
			target = B5D888071F71FCA4009DAAC0 /* DATAB */;
			targetProxy = B5D888221F71FCA7009DAAC0 /* PBXContainerItemProxy */;
		};
		B5D8882E1F71FCA7009DAAC0 /* PBXTargetDependency */ = {
			isa = PBXTargetDependency;
			target = B5D888071F71FCA4009DAAC0 /* DATAB */;
			targetProxy = B5D8882D1F71FCA7009DAAC0 /* PBXContainerItemProxy */;
		};
/* End PBXTargetDependency section */

/* Begin PBXVariantGroup section */
		B5D888141F71FCA7009DAAC0 /* Main.storyboard */ = {
			isa = PBXVariantGroup;
			children = (
				B5D888151F71FCA7009DAAC0 /* Base */,
			);
			name = Main.storyboard;
			sourceTree = "<group>";
		};
		B5D888191F71FCA7009DAAC0 /* LaunchScreen.storyboard */ = {
			isa = PBXVariantGroup;
			children = (
				B5D8881A1F71FCA7009DAAC0 /* Base */,
			);
			name = LaunchScreen.storyboard;
			sourceTree = "<group>";
		};
/* End PBXVariantGroup section */

/* Begin XCBuildConfiguration section */
		B5D888331F71FCA7009DAAC0 /* Debug */ = {
			isa = XCBuildConfiguration;
			buildSettings = {
				ALWAYS_SEARCH_USER_PATHS = NO;
				CLANG_ANALYZER_NONNULL = YES;
				CLANG_ANALYZER_NUMBER_OBJECT_CONVERSION = YES_AGGRESSIVE;
				CLANG_CXX_LANGUAGE_STANDARD = "gnu++0x";
				CLANG_CXX_LIBRARY = "libc++";
				CLANG_ENABLE_MODULES = YES;
				CLANG_ENABLE_OBJC_ARC = YES;
				CLANG_WARN_BOOL_CONVERSION = YES;
				CLANG_WARN_CONSTANT_CONVERSION = YES;
				CLANG_WARN_DIRECT_OBJC_ISA_USAGE = YES_ERROR;
				CLANG_WARN_DOCUMENTATION_COMMENTS = YES;
				CLANG_WARN_EMPTY_BODY = YES;
				CLANG_WARN_ENUM_CONVERSION = YES;
				CLANG_WARN_INFINITE_RECURSION = YES;
				CLANG_WARN_INT_CONVERSION = YES;
				CLANG_WARN_OBJC_ROOT_CLASS = YES_ERROR;
				CLANG_WARN_SUSPICIOUS_MOVE = YES;
				CLANG_WARN_UNREACHABLE_CODE = YES;
				CLANG_WARN__DUPLICATE_METHOD_MATCH = YES;
				"CODE_SIGN_IDENTITY[sdk=iphoneos*]" = "iPhone Developer";
				COPY_PHASE_STRIP = NO;
				DEBUG_INFORMATION_FORMAT = dwarf;
				ENABLE_STRICT_OBJC_MSGSEND = YES;
				ENABLE_TESTABILITY = YES;
				GCC_C_LANGUAGE_STANDARD = gnu99;
				GCC_DYNAMIC_NO_PIC = NO;
				GCC_NO_COMMON_BLOCKS = YES;
				GCC_OPTIMIZATION_LEVEL = 0;
				GCC_PREPROCESSOR_DEFINITIONS = (
					"DEBUG=1",
					"$(inherited)",
				);
				GCC_WARN_64_TO_32_BIT_CONVERSION = YES;
				GCC_WARN_ABOUT_RETURN_TYPE = YES_ERROR;
				GCC_WARN_UNDECLARED_SELECTOR = YES;
				GCC_WARN_UNINITIALIZED_AUTOS = YES_AGGRESSIVE;
				GCC_WARN_UNUSED_FUNCTION = YES;
				GCC_WARN_UNUSED_VARIABLE = YES;
				IPHONEOS_DEPLOYMENT_TARGET = 10.3;
				MTL_ENABLE_DEBUG_INFO = YES;
				ONLY_ACTIVE_ARCH = YES;
				SDKROOT = iphoneos;
			};
			name = Debug;
		};
		B5D888341F71FCA7009DAAC0 /* Release */ = {
			isa = XCBuildConfiguration;
			buildSettings = {
				ALWAYS_SEARCH_USER_PATHS = NO;
				CLANG_ANALYZER_NONNULL = YES;
				CLANG_ANALYZER_NUMBER_OBJECT_CONVERSION = YES_AGGRESSIVE;
				CLANG_CXX_LANGUAGE_STANDARD = "gnu++0x";
				CLANG_CXX_LIBRARY = "libc++";
				CLANG_ENABLE_MODULES = YES;
				CLANG_ENABLE_OBJC_ARC = YES;
				CLANG_WARN_BOOL_CONVERSION = YES;
				CLANG_WARN_CONSTANT_CONVERSION = YES;
				CLANG_WARN_DIRECT_OBJC_ISA_USAGE = YES_ERROR;
				CLANG_WARN_DOCUMENTATION_COMMENTS = YES;
				CLANG_WARN_EMPTY_BODY = YES;
				CLANG_WARN_ENUM_CONVERSION = YES;
				CLANG_WARN_INFINITE_RECURSION = YES;
				CLANG_WARN_INT_CONVERSION = YES;
				CLANG_WARN_OBJC_ROOT_CLASS = YES_ERROR;
				CLANG_WARN_SUSPICIOUS_MOVE = YES;
				CLANG_WARN_UNREACHABLE_CODE = YES;
				CLANG_WARN__DUPLICATE_METHOD_MATCH = YES;
				"CODE_SIGN_IDENTITY[sdk=iphoneos*]" = "iPhone Developer";
				COPY_PHASE_STRIP = NO;
				DEBUG_INFORMATION_FORMAT = "dwarf-with-dsym";
				ENABLE_NS_ASSERTIONS = NO;
				ENABLE_STRICT_OBJC_MSGSEND = YES;
				GCC_C_LANGUAGE_STANDARD = gnu99;
				GCC_NO_COMMON_BLOCKS = YES;
				GCC_WARN_64_TO_32_BIT_CONVERSION = YES;
				GCC_WARN_ABOUT_RETURN_TYPE = YES_ERROR;
				GCC_WARN_UNDECLARED_SELECTOR = YES;
				GCC_WARN_UNINITIALIZED_AUTOS = YES_AGGRESSIVE;
				GCC_WARN_UNUSED_FUNCTION = YES;
				GCC_WARN_UNUSED_VARIABLE = YES;
				IPHONEOS_DEPLOYMENT_TARGET = 10.3;
				MTL_ENABLE_DEBUG_INFO = NO;
				SDKROOT = iphoneos;
				VALIDATE_PRODUCT = YES;
			};
			name = Release;
		};
		B5D888361F71FCA7009DAAC0 /* Debug */ = {
			isa = XCBuildConfiguration;
			buildSettings = {
				ASSETCATALOG_COMPILER_APPICON_NAME = AppIcon;
				DEVELOPMENT_TEAM = P7862TH5TN;
				INFOPLIST_FILE = DATAB/Info.plist;
				LD_RUNPATH_SEARCH_PATHS = "$(inherited) @executable_path/Frameworks";
				PRODUCT_BUNDLE_IDENTIFIER = com.highles.DATAB;
				PRODUCT_NAME = "$(TARGET_NAME)";
			};
			name = Debug;
		};
		B5D888371F71FCA7009DAAC0 /* Release */ = {
			isa = XCBuildConfiguration;
			buildSettings = {
				ASSETCATALOG_COMPILER_APPICON_NAME = AppIcon;
				DEVELOPMENT_TEAM = P7862TH5TN;
				INFOPLIST_FILE = DATAB/Info.plist;
				LD_RUNPATH_SEARCH_PATHS = "$(inherited) @executable_path/Frameworks";
				PRODUCT_BUNDLE_IDENTIFIER = com.highles.DATAB;
				PRODUCT_NAME = "$(TARGET_NAME)";
			};
			name = Release;
		};
		B5D888391F71FCA7009DAAC0 /* Debug */ = {
			isa = XCBuildConfiguration;
			buildSettings = {
				BUNDLE_LOADER = "$(TEST_HOST)";
				DEVELOPMENT_TEAM = P7862TH5TN;
				INFOPLIST_FILE = DATABTests/Info.plist;
				LD_RUNPATH_SEARCH_PATHS = "$(inherited) @executable_path/Frameworks @loader_path/Frameworks";
				PRODUCT_BUNDLE_IDENTIFIER = com.highles.DATABTests;
				PRODUCT_NAME = "$(TARGET_NAME)";
				TEST_HOST = "$(BUILT_PRODUCTS_DIR)/DATAB.app/DATAB";
			};
			name = Debug;
		};
		B5D8883A1F71FCA7009DAAC0 /* Release */ = {
			isa = XCBuildConfiguration;
			buildSettings = {
				BUNDLE_LOADER = "$(TEST_HOST)";
				DEVELOPMENT_TEAM = P7862TH5TN;
				INFOPLIST_FILE = DATABTests/Info.plist;
				LD_RUNPATH_SEARCH_PATHS = "$(inherited) @executable_path/Frameworks @loader_path/Frameworks";
				PRODUCT_BUNDLE_IDENTIFIER = com.highles.DATABTests;
				PRODUCT_NAME = "$(TARGET_NAME)";
				TEST_HOST = "$(BUILT_PRODUCTS_DIR)/DATAB.app/DATAB";
			};
			name = Release;
		};
		B5D8883C1F71FCA7009DAAC0 /* Debug */ = {
			isa = XCBuildConfiguration;
			buildSettings = {
				DEVELOPMENT_TEAM = P7862TH5TN;
				INFOPLIST_FILE = DATABUITests/Info.plist;
				LD_RUNPATH_SEARCH_PATHS = "$(inherited) @executable_path/Frameworks @loader_path/Frameworks";
				PRODUCT_BUNDLE_IDENTIFIER = com.highles.DATABUITests;
				PRODUCT_NAME = "$(TARGET_NAME)";
				TEST_TARGET_NAME = DATAB;
			};
			name = Debug;
		};
		B5D8883D1F71FCA7009DAAC0 /* Release */ = {
			isa = XCBuildConfiguration;
			buildSettings = {
				DEVELOPMENT_TEAM = P7862TH5TN;
				INFOPLIST_FILE = DATABUITests/Info.plist;
				LD_RUNPATH_SEARCH_PATHS = "$(inherited) @executable_path/Frameworks @loader_path/Frameworks";
				PRODUCT_BUNDLE_IDENTIFIER = com.highles.DATABUITests;
				PRODUCT_NAME = "$(TARGET_NAME)";
				TEST_TARGET_NAME = DATAB;
			};
			name = Release;
		};
/* End XCBuildConfiguration section */

/* Begin XCConfigurationList section */
		B5D888031F71FCA3009DAAC0 /* Build configuration list for PBXProject "DATAB" */ = {
			isa = XCConfigurationList;
			buildConfigurations = (
				B5D888331F71FCA7009DAAC0 /* Debug */,
				B5D888341F71FCA7009DAAC0 /* Release */,
			);
			defaultConfigurationIsVisible = 0;
			defaultConfigurationName = Release;
		};
		B5D888351F71FCA7009DAAC0 /* Build configuration list for PBXNativeTarget "DATAB" */ = {
			isa = XCConfigurationList;
			buildConfigurations = (
				B5D888361F71FCA7009DAAC0 /* Debug */,
				B5D888371F71FCA7009DAAC0 /* Release */,
			);
			defaultConfigurationIsVisible = 0;
		};
		B5D888381F71FCA7009DAAC0 /* Build configuration list for PBXNativeTarget "DATABTests" */ = {
			isa = XCConfigurationList;
			buildConfigurations = (
				B5D888391F71FCA7009DAAC0 /* Debug */,
				B5D8883A1F71FCA7009DAAC0 /* Release */,
			);
			defaultConfigurationIsVisible = 0;
		};
		B5D8883B1F71FCA7009DAAC0 /* Build configuration list for PBXNativeTarget "DATABUITests" */ = {
			isa = XCConfigurationList;
			buildConfigurations = (
				B5D8883C1F71FCA7009DAAC0 /* Debug */,
				B5D8883D1F71FCA7009DAAC0 /* Release */,
			);
			defaultConfigurationIsVisible = 0;
		};
/* End XCConfigurationList section */
	};
	rootObject = B5D888001F71FCA3009DAAC0 /* Project object */;
}
